
Microsoft Visual Studio Solution File, Format Version 12.00
# Visual Studio Version 17
VisualStudioVersion = 17.4.33205.214
MinimumVisualStudioVersion = 10.0.40219.1
Project("{FAE04EC0-301F-11D3-BF4B-00C04F79EFBC}") = "FestivalVelenje3", "FestivalVelenje3.csproj", "{4B830DF5-BC66-4EF0-93A3-B7BCC1561F81}"
EndProject
Global
	GlobalSection(SolutionConfigurationPlatforms) = preSolution
		Debug|Any CPU = Debug|Any CPU
		Release|Any CPU = Release|Any CPU
	EndGlobalSection
	GlobalSection(ProjectConfigurationPlatforms) = postSolution
		{4B830DF5-BC66-4EF0-93A3-B7BCC1561F81}.Debug|Any CPU.ActiveCfg = Debug|Any CPU
		{4B830DF5-BC66-4EF0-93A3-B7BCC1561F81}.Debug|Any CPU.Build.0 = Debug|Any CPU
		{4B830DF5-BC66-4EF0-93A3-B7BCC1561F81}.Release|Any CPU.ActiveCfg = Release|Any CPU
		{4B830DF5-BC66-4EF0-93A3-B7BCC1561F81}.Release|Any CPU.Build.0 = Release|Any CPU
	EndGlobalSection
	GlobalSection(SolutionProperties) = preSolution
		HideSolutionNode = FALSE
	EndGlobalSection
	GlobalSection(ExtensibilityGlobals) = postSolution
		SolutionGuid = {12D32251-44C4-4A2E-82D2-512B97ACD0C7}
	EndGlobalSection
EndGlobal
